{
  "requires": true,
  "lockfileVersion": 1,
  "dependencies": {
    "password-validator": {
      "version": "5.0.3",
      "resolved": "https://registry.npmjs.org/password-validator/-/password-validator-5.0.3.tgz",
      "integrity": "sha512-VqdJkw/WAeDRPGx9sVAWAp/xe+pKKmD2Az7qNY4WvFwEvQ7DMQ3mzi02WnCVNJ/Zt6eiAEoih/cfWXY2WodFZA=="
    }
  }
}
